{
  "nodes": {
    "cf": {
      "locked": {
        "lastModified": 1728984648,
        "narHash": "sha256-n256NeWnoU/v6THmiuKGWiIz2kCa73JWnZx27Plv61c=",
        "owner": "jzbor",
        "repo": "cornflakes",
        "rev": "97f33cd8993c33a1a67b92070ce4d4e5482ecb34",
        "type": "github"
      },
      "original": {
        "owner": "jzbor",
        "repo": "cornflakes",
        "type": "github"
      }
    },
    "crane": {
      "locked": {
        "lastModified": 1730652660,
        "narHash": "sha256-+XVYfmVXAiYA0FZT7ijHf555dxCe+AoAT5A6RU+6vSo=",
        "owner": "ipetkov",
        "repo": "crane",
        "rev": "a4ca93905455c07cb7e3aca95d4faf7601cba458",
        "type": "github"
      },
      "original": {
        "owner": "ipetkov",
        "repo": "crane",
        "type": "github"
      }
    },
    "nixpkgs": {
      "locked": {
        "lastModified": 1730928433,
        "narHash": "sha256-yXSfN0VIlgVHJcA/Hnvpc01OERFPcX12ynguoiBths8=",
        "owner": "nixos",
        "repo": "nixpkgs",
        "rev": "fe348e1a06a2d791e992d46844a83d2d44436c5a",
        "type": "github"
      },
      "original": {
        "owner": "nixos",
        "ref": "nixpkgs-unstable",
        "repo": "nixpkgs",
        "type": "github"
      }
    },
    "root": {
      "inputs": {
        "cf": "cf",
        "crane": "crane",
        "nixpkgs": "nixpkgs"
      }
    }
  },
  "root": "root",
  "version": 7
}
